
Microsoft Visual Studio Solution File, Format Version 12.00
# Visual Studio 15
VisualStudioVersion = 15.0.28307.271
MinimumVisualStudioVersion = 10.0.40219.1
Project("{9A19103F-16F7-4668-BE54-9A1E7A4F7556}") = "selenium-gui", "selenium-gui\selenium-gui.csproj", "{36B1518C-6021-4F3E-BAE9-CFA430D8AC10}"
EndProject
Project("{FAE04EC0-301F-11D3-BF4B-00C04F79EFBC}") = "selenium-gui.tests", "selenium-gui.tests\selenium-gui.tests.csproj", "{6DB6141A-75AD-47DA-A199-85B959FA1E73}"
EndProject
Project("{FAE04EC0-301F-11D3-BF4B-00C04F79EFBC}") = "selenium-gui.functiontests", "selenium-gui.functiontests\selenium-gui.functiontests.csproj", "{7F7B5CB8-15AF-43C9-A3B3-06F427B22DB3}"
EndProject
Global
	GlobalSection(SolutionConfigurationPlatforms) = preSolution
		Debug|Any CPU = Debug|Any CPU
		Release|Any CPU = Release|Any CPU
	EndGlobalSection
	GlobalSection(ProjectConfigurationPlatforms) = postSolution
		{36B1518C-6021-4F3E-BAE9-CFA430D8AC10}.Debug|Any CPU.ActiveCfg = Debug|Any CPU
		{36B1518C-6021-4F3E-BAE9-CFA430D8AC10}.Debug|Any CPU.Build.0 = Debug|Any CPU
		{36B1518C-6021-4F3E-BAE9-CFA430D8AC10}.Release|Any CPU.ActiveCfg = Release|Any CPU
		{36B1518C-6021-4F3E-BAE9-CFA430D8AC10}.Release|Any CPU.Build.0 = Release|Any CPU
		{6DB6141A-75AD-47DA-A199-85B959FA1E73}.Debug|Any CPU.ActiveCfg = Debug|Any CPU
		{6DB6141A-75AD-47DA-A199-85B959FA1E73}.Debug|Any CPU.Build.0 = Debug|Any CPU
		{6DB6141A-75AD-47DA-A199-85B959FA1E73}.Release|Any CPU.ActiveCfg = Release|Any CPU
		{6DB6141A-75AD-47DA-A199-85B959FA1E73}.Release|Any CPU.Build.0 = Release|Any CPU
		{7F7B5CB8-15AF-43C9-A3B3-06F427B22DB3}.Debug|Any CPU.ActiveCfg = Debug|Any CPU
		{7F7B5CB8-15AF-43C9-A3B3-06F427B22DB3}.Debug|Any CPU.Build.0 = Debug|Any CPU
		{7F7B5CB8-15AF-43C9-A3B3-06F427B22DB3}.Release|Any CPU.ActiveCfg = Release|Any CPU
		{7F7B5CB8-15AF-43C9-A3B3-06F427B22DB3}.Release|Any CPU.Build.0 = Release|Any CPU
	EndGlobalSection
	GlobalSection(SolutionProperties) = preSolution
		HideSolutionNode = FALSE
	EndGlobalSection
	GlobalSection(ExtensibilityGlobals) = postSolution
		SolutionGuid = {80845EB9-0BFE-4859-8757-9346A26CD087}
	EndGlobalSection
EndGlobal
