
Microsoft Visual Studio Solution File, Format Version 12.00
# Visual Studio Version 16
VisualStudioVersion = 16.0.28803.452
MinimumVisualStudioVersion = 10.0.40219.1
Project("{FAE04EC0-301F-11D3-BF4B-00C04F79EFBC}") = "web-net-nav", "web-net-nav\web-net-nav.csproj", "{36B1518C-6021-4F3E-BAE9-CFA430D8AC10}"
EndProject
Project("{FAE04EC0-301F-11D3-BF4B-00C04F79EFBC}") = "web-net-nav-tests", "web-net-nav-tests\web-net-nav-tests.csproj", "{AE048E9A-8EF1-42F9-BEFF-E02F9A4793A5}"
EndProject
Global
	GlobalSection(SolutionConfigurationPlatforms) = preSolution
		Debug|Any CPU = Debug|Any CPU
		Release|Any CPU = Release|Any CPU
	EndGlobalSection
	GlobalSection(ProjectConfigurationPlatforms) = postSolution
		{36B1518C-6021-4F3E-BAE9-CFA430D8AC10}.Debug|Any CPU.ActiveCfg = Debug|Any CPU
		{36B1518C-6021-4F3E-BAE9-CFA430D8AC10}.Debug|Any CPU.Build.0 = Debug|Any CPU
		{36B1518C-6021-4F3E-BAE9-CFA430D8AC10}.Release|Any CPU.ActiveCfg = Release|Any CPU
		{36B1518C-6021-4F3E-BAE9-CFA430D8AC10}.Release|Any CPU.Build.0 = Release|Any CPU
		{AE048E9A-8EF1-42F9-BEFF-E02F9A4793A5}.Debug|Any CPU.ActiveCfg = Debug|Any CPU
		{AE048E9A-8EF1-42F9-BEFF-E02F9A4793A5}.Debug|Any CPU.Build.0 = Debug|Any CPU
		{AE048E9A-8EF1-42F9-BEFF-E02F9A4793A5}.Release|Any CPU.ActiveCfg = Release|Any CPU
		{AE048E9A-8EF1-42F9-BEFF-E02F9A4793A5}.Release|Any CPU.Build.0 = Release|Any CPU
	EndGlobalSection
	GlobalSection(SolutionProperties) = preSolution
		HideSolutionNode = FALSE
	EndGlobalSection
	GlobalSection(ExtensibilityGlobals) = postSolution
		SolutionGuid = {80845EB9-0BFE-4859-8757-9346A26CD087}
	EndGlobalSection
EndGlobal
